
Microsoft Visual Studio Solution File, Format Version 12.00
# Visual Studio 15
VisualStudioVersion = 15.0.28307.539
MinimumVisualStudioVersion = 10.0.40219.1
Project("{FAE04EC0-301F-11D3-BF4B-00C04F79EFBC}") = "NavUriBug", "NavUriBug\NavUriBug\NavUriBug.csproj", "{5CA173F7-BF3F-43A9-AFD7-534C262FE6E2}"
EndProject
Project("{FAE04EC0-301F-11D3-BF4B-00C04F79EFBC}") = "NavUriBug.Android", "NavUriBug\NavUriBug.Android\NavUriBug.Android.csproj", "{CF7302B8-CF72-4ACC-8DE2-B89E4CF2E9E2}"
EndProject
Global
	GlobalSection(SolutionConfigurationPlatforms) = preSolution
		Debug|Any CPU = Debug|Any CPU
		Release|Any CPU = Release|Any CPU
	EndGlobalSection
	GlobalSection(ProjectConfigurationPlatforms) = postSolution
		{5CA173F7-BF3F-43A9-AFD7-534C262FE6E2}.Debug|Any CPU.ActiveCfg = Debug|Any CPU
		{5CA173F7-BF3F-43A9-AFD7-534C262FE6E2}.Debug|Any CPU.Build.0 = Debug|Any CPU
		{5CA173F7-BF3F-43A9-AFD7-534C262FE6E2}.Release|Any CPU.ActiveCfg = Release|Any CPU
		{5CA173F7-BF3F-43A9-AFD7-534C262FE6E2}.Release|Any CPU.Build.0 = Release|Any CPU
		{CF7302B8-CF72-4ACC-8DE2-B89E4CF2E9E2}.Debug|Any CPU.ActiveCfg = Debug|Any CPU
		{CF7302B8-CF72-4ACC-8DE2-B89E4CF2E9E2}.Debug|Any CPU.Build.0 = Debug|Any CPU
		{CF7302B8-CF72-4ACC-8DE2-B89E4CF2E9E2}.Debug|Any CPU.Deploy.0 = Debug|Any CPU
		{CF7302B8-CF72-4ACC-8DE2-B89E4CF2E9E2}.Release|Any CPU.ActiveCfg = Release|Any CPU
		{CF7302B8-CF72-4ACC-8DE2-B89E4CF2E9E2}.Release|Any CPU.Build.0 = Release|Any CPU
		{CF7302B8-CF72-4ACC-8DE2-B89E4CF2E9E2}.Release|Any CPU.Deploy.0 = Release|Any CPU
	EndGlobalSection
	GlobalSection(SolutionProperties) = preSolution
		HideSolutionNode = FALSE
	EndGlobalSection
	GlobalSection(ExtensibilityGlobals) = postSolution
		SolutionGuid = {81EF582A-F962-4B36-AFD1-89C5E84721E6}
	EndGlobalSection
EndGlobal
